
Microsoft Visual Studio Solution File, Format Version 12.00
# Visual Studio Version 17
VisualStudioVersion = 17.0.32112.339
MinimumVisualStudioVersion = 10.0.40219.1
Project("{FAE04EC0-301F-11D3-BF4B-00C04F79EFBC}") = "Project_ConsoleApp1", "Project_ConsoleApp1.csproj", "{3A6307C8-F29E-422A-96A1-8014694A5477}"
EndProject
Project("{FAE04EC0-301F-11D3-BF4B-00C04F79EFBC}") = "Project2_ClassLibrary1", "..\Project2_ClassLibrary1\Project2_ClassLibrary1.csproj", "{6CAEED31-DF3B-476E-9548-35D205B13885}"
EndProject
Project("{FAE04EC0-301F-11D3-BF4B-00C04F79EFBC}") = "Project4_UnitTestProject1", "..\Project4_UnitTestProject1\Project4_UnitTestProject1.csproj", "{E2D8FA4F-5768-42D5-9AE3-CB25B2646A5D}"
EndProject
Project("{FAE04EC0-301F-11D3-BF4B-00C04F79EFBC}") = "Project3 WindowsForms", "..\Project3 WindowsForms\Project3 WindowsForms.csproj", "{02AD9768-4CDB-4C78-8608-F4F3E506CC60}"
EndProject
Global
	GlobalSection(SolutionConfigurationPlatforms) = preSolution
		Debug|Any CPU = Debug|Any CPU
		Release|Any CPU = Release|Any CPU
	EndGlobalSection
	GlobalSection(ProjectConfigurationPlatforms) = postSolution
		{3A6307C8-F29E-422A-96A1-8014694A5477}.Debug|Any CPU.ActiveCfg = Debug|Any CPU
		{3A6307C8-F29E-422A-96A1-8014694A5477}.Debug|Any CPU.Build.0 = Debug|Any CPU
		{3A6307C8-F29E-422A-96A1-8014694A5477}.Release|Any CPU.ActiveCfg = Release|Any CPU
		{3A6307C8-F29E-422A-96A1-8014694A5477}.Release|Any CPU.Build.0 = Release|Any CPU
		{6CAEED31-DF3B-476E-9548-35D205B13885}.Debug|Any CPU.ActiveCfg = Debug|Any CPU
		{6CAEED31-DF3B-476E-9548-35D205B13885}.Debug|Any CPU.Build.0 = Debug|Any CPU
		{6CAEED31-DF3B-476E-9548-35D205B13885}.Release|Any CPU.ActiveCfg = Release|Any CPU
		{6CAEED31-DF3B-476E-9548-35D205B13885}.Release|Any CPU.Build.0 = Release|Any CPU
		{E2D8FA4F-5768-42D5-9AE3-CB25B2646A5D}.Debug|Any CPU.ActiveCfg = Debug|Any CPU
		{E2D8FA4F-5768-42D5-9AE3-CB25B2646A5D}.Debug|Any CPU.Build.0 = Debug|Any CPU
		{E2D8FA4F-5768-42D5-9AE3-CB25B2646A5D}.Release|Any CPU.ActiveCfg = Release|Any CPU
		{E2D8FA4F-5768-42D5-9AE3-CB25B2646A5D}.Release|Any CPU.Build.0 = Release|Any CPU
		{02AD9768-4CDB-4C78-8608-F4F3E506CC60}.Debug|Any CPU.ActiveCfg = Debug|Any CPU
		{02AD9768-4CDB-4C78-8608-F4F3E506CC60}.Debug|Any CPU.Build.0 = Debug|Any CPU
		{02AD9768-4CDB-4C78-8608-F4F3E506CC60}.Release|Any CPU.ActiveCfg = Release|Any CPU
		{02AD9768-4CDB-4C78-8608-F4F3E506CC60}.Release|Any CPU.Build.0 = Release|Any CPU
	EndGlobalSection
	GlobalSection(SolutionProperties) = preSolution
		HideSolutionNode = FALSE
	EndGlobalSection
	GlobalSection(ExtensibilityGlobals) = postSolution
		SolutionGuid = {2446DE42-1951-4F60-9048-59BBFDA5BB2C}
	EndGlobalSection
EndGlobal
